
Microsoft Visual Studio Solution File, Format Version 12.00
# Visual Studio 15
VisualStudioVersion = 15.0.28010.2016
MinimumVisualStudioVersion = 10.0.40219.1
Project("{9A19103F-16F7-4668-BE54-9A1E7A4F7556}") = "CollaborativeDrawer", "CollaborativeDrawer\CollaborativeDrawer.csproj", "{BA45A3D6-4F59-498C-94B1-CFCAB97C1FFE}"
EndProject
Global
	GlobalSection(SolutionConfigurationPlatforms) = preSolution
		Debug|Any CPU = Debug|Any CPU
		Release|Any CPU = Release|Any CPU
	EndGlobalSection
	GlobalSection(ProjectConfigurationPlatforms) = postSolution
		{BA45A3D6-4F59-498C-94B1-CFCAB97C1FFE}.Debug|Any CPU.ActiveCfg = Debug|Any CPU
		{BA45A3D6-4F59-498C-94B1-CFCAB97C1FFE}.Debug|Any CPU.Build.0 = Debug|Any CPU
		{BA45A3D6-4F59-498C-94B1-CFCAB97C1FFE}.Release|Any CPU.ActiveCfg = Release|Any CPU
		{BA45A3D6-4F59-498C-94B1-CFCAB97C1FFE}.Release|Any CPU.Build.0 = Release|Any CPU
	EndGlobalSection
	GlobalSection(SolutionProperties) = preSolution
		HideSolutionNode = FALSE
	EndGlobalSection
	GlobalSection(ExtensibilityGlobals) = postSolution
		SolutionGuid = {F5E2EA96-C4F3-4720-90B5-7755B418C0C1}
	EndGlobalSection
EndGlobal
